
Microsoft Visual Studio Solution File, Format Version 12.00
# Visual Studio Version 16
VisualStudioVersion = 16.0.29613.14
MinimumVisualStudioVersion = 10.0.40219.1
Project("{FAE04EC0-301F-11D3-BF4B-00C04F79EFBC}") = "GestaoDeEstoque", "GestaoDeEstoque\GestaoDeEstoque.csproj", "{AFC4C6AC-F607-4AAA-AAC6-107A3C9548C7}"
EndProject
Global
	GlobalSection(SolutionConfigurationPlatforms) = preSolution
		Debug|Any CPU = Debug|Any CPU
		Release|Any CPU = Release|Any CPU
	EndGlobalSection
	GlobalSection(ProjectConfigurationPlatforms) = postSolution
		{AFC4C6AC-F607-4AAA-AAC6-107A3C9548C7}.Debug|Any CPU.ActiveCfg = Debug|Any CPU
		{AFC4C6AC-F607-4AAA-AAC6-107A3C9548C7}.Debug|Any CPU.Build.0 = Debug|Any CPU
		{AFC4C6AC-F607-4AAA-AAC6-107A3C9548C7}.Release|Any CPU.ActiveCfg = Release|Any CPU
		{AFC4C6AC-F607-4AAA-AAC6-107A3C9548C7}.Release|Any CPU.Build.0 = Release|Any CPU
	EndGlobalSection
	GlobalSection(SolutionProperties) = preSolution
		HideSolutionNode = FALSE
	EndGlobalSection
	GlobalSection(ExtensibilityGlobals) = postSolution
		SolutionGuid = {DD854AA9-E90C-47EF-80E8-FAB94DD382A7}
	EndGlobalSection
EndGlobal
